
Microsoft Visual Studio Solution File, Format Version 12.00
# Visual Studio Version 16
VisualStudioVersion = 16.0.31205.134
MinimumVisualStudioVersion = 10.0.40219.1
Project("{9A19103F-16F7-4668-BE54-9A1E7A4F7556}") = "Zadatak 1 KVADRAT BROJA", "Zadatak 1\Zadatak 1 KVADRAT BROJA.csproj", "{0EDE4922-79DF-427F-ABEB-EE918B921619}"
EndProject
Project("{9A19103F-16F7-4668-BE54-9A1E7A4F7556}") = "Zadatak 2 BROJEVI OD 1 DO 'N'", "Zadatak 2\Zadatak 2 BROJEVI OD 1 DO 'N'.csproj", "{571FA5B3-E5BC-4FBD-8983-23AA72F03AEF}"
EndProject
Project("{9A19103F-16F7-4668-BE54-9A1E7A4F7556}") = "Zadatak 3 OD MANJEG DO VEĆEG", "Zadatak 3\Zadatak 3 OD MANJEG DO VEĆEG.csproj", "{76F9BD78-B3BC-4DFE-A949-D2BF26E2E961}"
EndProject
Project("{9A19103F-16F7-4668-BE54-9A1E7A4F7556}") = "Zadatak 4 BROJ ZNAMENAKA CIJELOG BROJA", "Zadatak 4\Zadatak 4 BROJ ZNAMENAKA CIJELOG BROJA.csproj", "{C130C79E-5CF8-49F5-8597-D719008651C0}"
EndProject
Project("{9A19103F-16F7-4668-BE54-9A1E7A4F7556}") = "Zadatak 5 MINIMUM OD DVA BROJ", "Zadatak 5\Zadatak 5 MINIMUM OD DVA BROJ.csproj", "{C3BA5FBE-7C0A-452A-B169-D5371603A879}"
EndProject
Project("{9A19103F-16F7-4668-BE54-9A1E7A4F7556}") = "Zadatak 6 MAX OD TRI BROJA", "Zadatak 6\Zadatak 6 MAX OD TRI BROJA.csproj", "{A8A132D0-5C47-4697-A4D2-135EB045FDB2}"
EndProject
Project("{9A19103F-16F7-4668-BE54-9A1E7A4F7556}") = "Zadatak 7 FUNKCIJA PARAN", "Zadatak 7\Zadatak 7 FUNKCIJA PARAN.csproj", "{E1142283-6B6C-402C-888D-373F8392AA83}"
EndProject
Project("{9A19103F-16F7-4668-BE54-9A1E7A4F7556}") = "Zadatak 8 TABLICA MNOZENJA", "Zadatak 8\Zadatak 8 TABLICA MNOZENJA.csproj", "{A9D1112E-A9D1-4BDF-8A5A-8BE28E88A2DA}"
EndProject
Project("{9A19103F-16F7-4668-BE54-9A1E7A4F7556}") = "Zadatak 9 SUMA ZNAMENAKA CIJELOG BROJA", "Zadatak 9\Zadatak 9 SUMA ZNAMENAKA CIJELOG BROJA.csproj", "{F850AFC4-2CD8-4CDE-9343-16686DE2CFA3}"
EndProject
Project("{9A19103F-16F7-4668-BE54-9A1E7A4F7556}") = "Zadatak 10 OBRNUTI BROJ", "Zadatak 10\Zadatak 10 OBRNUTI BROJ.csproj", "{9B174895-9D45-4F9F-8FA9-C184D1F4F2CE}"
EndProject
Project("{9A19103F-16F7-4668-BE54-9A1E7A4F7556}") = "Zadatak 12 SUMA BROJEVA OD 1 DO 'N'", "Zadatak 12\Zadatak 12 SUMA BROJEVA OD 1 DO 'N'.csproj", "{C78B5C9A-FF22-483D-942E-EE83C373D79B}"
EndProject
Project("{FAE04EC0-301F-11D3-BF4B-00C04F79EFBC}") = "Zadatak 11 PALINDROMAN BROJ", "Zadatak 11\Zadatak 11 PALINDROMAN BROJ.csproj", "{79BFD376-0F79-4CE2-8433-B7C0A46966CA}"
EndProject
Project("{FAE04EC0-301F-11D3-BF4B-00C04F79EFBC}") = "Zadatak 13 SUMA PARNIH BROJEVA IZMEDU 'N' I 'N'", "Zadatak 13\Zadatak 13 SUMA PARNIH BROJEVA IZMEDU 'N' I 'N'.csproj", "{B3A238E3-0942-45DD-B29F-DD5398ECA73B}"
EndProject
Project("{FAE04EC0-301F-11D3-BF4B-00C04F79EFBC}") = "Zadatak 14 FAKTORIJELE", "Zadatak 14\Zadatak 14 FAKTORIJELE.csproj", "{B7F5DE21-8595-4A36-9BEE-D9B190CE1F6B}"
EndProject
Global
	GlobalSection(SolutionConfigurationPlatforms) = preSolution
		Debug|Any CPU = Debug|Any CPU
		Release|Any CPU = Release|Any CPU
	EndGlobalSection
	GlobalSection(ProjectConfigurationPlatforms) = postSolution
		{0EDE4922-79DF-427F-ABEB-EE918B921619}.Debug|Any CPU.ActiveCfg = Debug|Any CPU
		{0EDE4922-79DF-427F-ABEB-EE918B921619}.Debug|Any CPU.Build.0 = Debug|Any CPU
		{0EDE4922-79DF-427F-ABEB-EE918B921619}.Release|Any CPU.ActiveCfg = Release|Any CPU
		{0EDE4922-79DF-427F-ABEB-EE918B921619}.Release|Any CPU.Build.0 = Release|Any CPU
		{571FA5B3-E5BC-4FBD-8983-23AA72F03AEF}.Debug|Any CPU.ActiveCfg = Debug|Any CPU
		{571FA5B3-E5BC-4FBD-8983-23AA72F03AEF}.Debug|Any CPU.Build.0 = Debug|Any CPU
		{571FA5B3-E5BC-4FBD-8983-23AA72F03AEF}.Release|Any CPU.ActiveCfg = Release|Any CPU
		{571FA5B3-E5BC-4FBD-8983-23AA72F03AEF}.Release|Any CPU.Build.0 = Release|Any CPU
		{76F9BD78-B3BC-4DFE-A949-D2BF26E2E961}.Debug|Any CPU.ActiveCfg = Debug|Any CPU
		{76F9BD78-B3BC-4DFE-A949-D2BF26E2E961}.Debug|Any CPU.Build.0 = Debug|Any CPU
		{76F9BD78-B3BC-4DFE-A949-D2BF26E2E961}.Release|Any CPU.ActiveCfg = Release|Any CPU
		{76F9BD78-B3BC-4DFE-A949-D2BF26E2E961}.Release|Any CPU.Build.0 = Release|Any CPU
		{C130C79E-5CF8-49F5-8597-D719008651C0}.Debug|Any CPU.ActiveCfg = Debug|Any CPU
		{C130C79E-5CF8-49F5-8597-D719008651C0}.Debug|Any CPU.Build.0 = Debug|Any CPU
		{C130C79E-5CF8-49F5-8597-D719008651C0}.Release|Any CPU.ActiveCfg = Release|Any CPU
		{C130C79E-5CF8-49F5-8597-D719008651C0}.Release|Any CPU.Build.0 = Release|Any CPU
		{C3BA5FBE-7C0A-452A-B169-D5371603A879}.Debug|Any CPU.ActiveCfg = Debug|Any CPU
		{C3BA5FBE-7C0A-452A-B169-D5371603A879}.Debug|Any CPU.Build.0 = Debug|Any CPU
		{C3BA5FBE-7C0A-452A-B169-D5371603A879}.Release|Any CPU.ActiveCfg = Release|Any CPU
		{C3BA5FBE-7C0A-452A-B169-D5371603A879}.Release|Any CPU.Build.0 = Release|Any CPU
		{A8A132D0-5C47-4697-A4D2-135EB045FDB2}.Debug|Any CPU.ActiveCfg = Debug|Any CPU
		{A8A132D0-5C47-4697-A4D2-135EB045FDB2}.Debug|Any CPU.Build.0 = Debug|Any CPU
		{A8A132D0-5C47-4697-A4D2-135EB045FDB2}.Release|Any CPU.ActiveCfg = Release|Any CPU
		{A8A132D0-5C47-4697-A4D2-135EB045FDB2}.Release|Any CPU.Build.0 = Release|Any CPU
		{E1142283-6B6C-402C-888D-373F8392AA83}.Debug|Any CPU.ActiveCfg = Debug|Any CPU
		{E1142283-6B6C-402C-888D-373F8392AA83}.Debug|Any CPU.Build.0 = Debug|Any CPU
		{E1142283-6B6C-402C-888D-373F8392AA83}.Release|Any CPU.ActiveCfg = Release|Any CPU
		{E1142283-6B6C-402C-888D-373F8392AA83}.Release|Any CPU.Build.0 = Release|Any CPU
		{A9D1112E-A9D1-4BDF-8A5A-8BE28E88A2DA}.Debug|Any CPU.ActiveCfg = Debug|Any CPU
		{A9D1112E-A9D1-4BDF-8A5A-8BE28E88A2DA}.Debug|Any CPU.Build.0 = Debug|Any CPU
		{A9D1112E-A9D1-4BDF-8A5A-8BE28E88A2DA}.Release|Any CPU.ActiveCfg = Release|Any CPU
		{A9D1112E-A9D1-4BDF-8A5A-8BE28E88A2DA}.Release|Any CPU.Build.0 = Release|Any CPU
		{F850AFC4-2CD8-4CDE-9343-16686DE2CFA3}.Debug|Any CPU.ActiveCfg = Debug|Any CPU
		{F850AFC4-2CD8-4CDE-9343-16686DE2CFA3}.Debug|Any CPU.Build.0 = Debug|Any CPU
		{F850AFC4-2CD8-4CDE-9343-16686DE2CFA3}.Release|Any CPU.ActiveCfg = Release|Any CPU
		{F850AFC4-2CD8-4CDE-9343-16686DE2CFA3}.Release|Any CPU.Build.0 = Release|Any CPU
		{9B174895-9D45-4F9F-8FA9-C184D1F4F2CE}.Debug|Any CPU.ActiveCfg = Debug|Any CPU
		{9B174895-9D45-4F9F-8FA9-C184D1F4F2CE}.Debug|Any CPU.Build.0 = Debug|Any CPU
		{9B174895-9D45-4F9F-8FA9-C184D1F4F2CE}.Release|Any CPU.ActiveCfg = Release|Any CPU
		{9B174895-9D45-4F9F-8FA9-C184D1F4F2CE}.Release|Any CPU.Build.0 = Release|Any CPU
		{C78B5C9A-FF22-483D-942E-EE83C373D79B}.Debug|Any CPU.ActiveCfg = Debug|Any CPU
		{C78B5C9A-FF22-483D-942E-EE83C373D79B}.Debug|Any CPU.Build.0 = Debug|Any CPU
		{C78B5C9A-FF22-483D-942E-EE83C373D79B}.Release|Any CPU.ActiveCfg = Release|Any CPU
		{C78B5C9A-FF22-483D-942E-EE83C373D79B}.Release|Any CPU.Build.0 = Release|Any CPU
		{79BFD376-0F79-4CE2-8433-B7C0A46966CA}.Debug|Any CPU.ActiveCfg = Debug|Any CPU
		{79BFD376-0F79-4CE2-8433-B7C0A46966CA}.Debug|Any CPU.Build.0 = Debug|Any CPU
		{79BFD376-0F79-4CE2-8433-B7C0A46966CA}.Release|Any CPU.ActiveCfg = Release|Any CPU
		{79BFD376-0F79-4CE2-8433-B7C0A46966CA}.Release|Any CPU.Build.0 = Release|Any CPU
		{B3A238E3-0942-45DD-B29F-DD5398ECA73B}.Debug|Any CPU.ActiveCfg = Debug|Any CPU
		{B3A238E3-0942-45DD-B29F-DD5398ECA73B}.Debug|Any CPU.Build.0 = Debug|Any CPU
		{B3A238E3-0942-45DD-B29F-DD5398ECA73B}.Release|Any CPU.ActiveCfg = Release|Any CPU
		{B3A238E3-0942-45DD-B29F-DD5398ECA73B}.Release|Any CPU.Build.0 = Release|Any CPU
		{B7F5DE21-8595-4A36-9BEE-D9B190CE1F6B}.Debug|Any CPU.ActiveCfg = Debug|Any CPU
		{B7F5DE21-8595-4A36-9BEE-D9B190CE1F6B}.Debug|Any CPU.Build.0 = Debug|Any CPU
		{B7F5DE21-8595-4A36-9BEE-D9B190CE1F6B}.Release|Any CPU.ActiveCfg = Release|Any CPU
		{B7F5DE21-8595-4A36-9BEE-D9B190CE1F6B}.Release|Any CPU.Build.0 = Release|Any CPU
	EndGlobalSection
	GlobalSection(SolutionProperties) = preSolution
		HideSolutionNode = FALSE
	EndGlobalSection
	GlobalSection(ExtensibilityGlobals) = postSolution
		SolutionGuid = {EE36B803-5948-412F-8060-6EE67CAC588C}
	EndGlobalSection
EndGlobal
